
Microsoft Visual Studio Solution File, Format Version 12.00
# Visual Studio Version 17
VisualStudioVersion = 17.5.002.0
MinimumVisualStudioVersion = 10.0.40219.1
Project("{9A19103F-16F7-4668-BE54-9A1E7A4F7556}") = "TP02-Extra_Tjor", "TP02-Extra_Tjor.csproj", "{AE5CF42F-19B0-44C5-A93D-C5FFEB6C4B01}"
EndProject
Global
	GlobalSection(SolutionConfigurationPlatforms) = preSolution
		Debug|Any CPU = Debug|Any CPU
		Release|Any CPU = Release|Any CPU
	EndGlobalSection
	GlobalSection(ProjectConfigurationPlatforms) = postSolution
		{AE5CF42F-19B0-44C5-A93D-C5FFEB6C4B01}.Debug|Any CPU.ActiveCfg = Debug|Any CPU
		{AE5CF42F-19B0-44C5-A93D-C5FFEB6C4B01}.Debug|Any CPU.Build.0 = Debug|Any CPU
		{AE5CF42F-19B0-44C5-A93D-C5FFEB6C4B01}.Release|Any CPU.ActiveCfg = Release|Any CPU
		{AE5CF42F-19B0-44C5-A93D-C5FFEB6C4B01}.Release|Any CPU.Build.0 = Release|Any CPU
	EndGlobalSection
	GlobalSection(SolutionProperties) = preSolution
		HideSolutionNode = FALSE
	EndGlobalSection
	GlobalSection(ExtensibilityGlobals) = postSolution
		SolutionGuid = {BE6C8F6A-6845-4C5F-9BFD-7DF5B38110D7}
	EndGlobalSection
EndGlobal
